{
    "_readme": [
        "This file locks the dependencies of your project to a known state",
        "Read more about it at http://getcomposer.org/doc/01-basic-usage.md#composer-lock-the-lock-file",
        "This file is @generated automatically"
    ],
    "hash": "c1b62537e444ba641bd9cb8707392ccb",
    "packages": [
        {
            "name": "madcoda/php-youtube-api",
            "version": "v1.0",
            "source": {
                "type": "git",
                "url": "https://github.com/madcoda/php-youtube-api.git",
                "reference": "b4d888316974012c5d98d85bf4bca1c6fe06b8be"
            },
            "dist": {
                "type": "zip",
                "url": "https://api.github.com/repos/madcoda/php-youtube-api/zipball/b4d888316974012c5d98d85bf4bca1c6fe06b8be",
                "reference": "b4d888316974012c5d98d85bf4bca1c6fe06b8be",
                "shasum": ""
            },
            "require": {
                "php": ">5.3"
            },
            "require-dev": {
                "phpunit/phpunit": "3.7.*@stable"
            },
            "type": "library",
            "autoload": {
                "psr-0": {
                    "Madcoda": "lib/"
                }
            },
            "notification-url": "https://packagist.org/downloads/",
            "license": [
                "MIT"
            ],
            "authors": [
                {
                    "name": "Madcoda",
                    "email": "jason@madcoda.com"
                }
            ],
            "description": "PHP wrapper for the Youtube Data API v3",
            "keywords": [
                "api",
                "madcoda",
                "video",
                "youtube"
            ],
            "time": "2014-07-07 04:59:39"
        },
        {
            "name": "misd/linkify",
            "version": "v1.1.2",
            "source": {
                "type": "git",
                "url": "https://github.com/misd-service-development/php-linkify.git",
                "reference": "4dbe3e9f966e446a257d0f60a91f39e0b7f4f4d6"
            },
            "dist": {
                "type": "zip",
                "url": "https://api.github.com/repos/misd-service-development/php-linkify/zipball/4dbe3e9f966e446a257d0f60a91f39e0b7f4f4d6",
                "reference": "4dbe3e9f966e446a257d0f60a91f39e0b7f4f4d6",
                "shasum": ""
            },
            "require": {
                "php": ">=5.3.0"
            },
            "require-dev": {
                "phpunit/phpunit": "~4.0"
            },
            "type": "library",
            "extra": {
                "branch-alias": {
                    "dev-master": "1.1.x-dev"
                }
            },
            "autoload": {
                "psr-0": {
                    "Misd\\Linkify\\": "src/"
                }
            },
            "notification-url": "https://packagist.org/downloads/",
            "license": [
                "MIT"
            ],
            "authors": [
                {
                    "name": "Chris Wilkinson",
                    "email": "chris.wilkinson@admin.cam.ac.uk"
                }
            ],
            "description": "Converts URLs and email addresses in text into HTML links",
            "homepage": "https://github.com/misd-service-development/php-linkify",
            "keywords": [
                "convert",
                "email address",
                "link",
                "url"
            ],
            "time": "2014-05-12 11:52:18"
        },
        {
            "name": "xamin/handlebars.php",
            "version": "v0.10.0",
            "source": {
                "type": "git",
                "url": "https://github.com/XaminProject/handlebars.php.git",
                "reference": "ed57d8f7d75fb9d16ed89652aec9d747e7f440e1"
            },
            "dist": {
                "type": "zip",
                "url": "https://api.github.com/repos/XaminProject/handlebars.php/zipball/ed57d8f7d75fb9d16ed89652aec9d747e7f440e1",
                "reference": "ed57d8f7d75fb9d16ed89652aec9d747e7f440e1",
                "shasum": ""
            },
            "require-dev": {
                "phpunit/phpunit": "@stable",
                "squizlabs/php_codesniffer": "@stable"
            },
            "type": "library",
            "autoload": {
                "psr-0": {
                    "Handlebars": "src/"
                }
            },
            "notification-url": "https://packagist.org/downloads/",
            "license": [
                "MIT"
            ],
            "authors": [
                {
                    "name": "fzerorubigd",
                    "email": "fzerorubigd@gmail.com"
                },
                {
                    "name": "Behrooz Shabani (everplays)",
                    "email": "everplays@gmail.com"
                }
            ],
            "description": "Handlebars processor for php",
            "homepage": "https://github.com/XaminProject/handlebars.php",
            "time": "2014-11-18 07:02:04"
        }
    ],
    "packages-dev": [],
    "aliases": [],
    "minimum-stability": "stable",
    "stability-flags": [],
    "prefer-stable": false,
    "prefer-lowest": false,
    "platform": [],
    "platform-dev": []
}
